# THIS IS AN AUTOGENERATED FILE. DO NOT EDIT THIS FILE DIRECTLY.
# yarn lockfile v1


axios@^0.15.3:
  version "0.15.3"
  resolved "https://registry.yarnpkg.com/axios/-/axios-0.15.3.tgz#2c9d638b2e191a08ea1d6cc988eadd6ba5bdc053"
  dependencies:
    follow-redirects "1.0.0"

camelcase-keys@^4.0.0:
  version "4.1.0"
  resolved "https://registry.yarnpkg.com/camelcase-keys/-/camelcase-keys-4.1.0.tgz#214d348cc5457f39316a2c31cc3e37246325e73f"
  dependencies:
    camelcase "^4.1.0"
    map-obj "^2.0.0"
    quick-lru "^1.0.0"

camelcase@^4.1.0:
  version "4.1.0"
  resolved "https://registry.yarnpkg.com/camelcase/-/camelcase-4.1.0.tgz#d545635be1e33c542649c69173e5de6acfae34dd"

debug@^2.2.0:
  version "2.6.8"
  resolved "https://registry.yarnpkg.com/debug/-/debug-2.6.8.tgz#e731531ca2ede27d188222427da17821d68ff4fc"
  dependencies:
    ms "2.0.0"

follow-redirects@1.0.0:
  version "1.0.0"
  resolved "https://registry.yarnpkg.com/follow-redirects/-/follow-redirects-1.0.0.tgz#8e34298cbd2e176f254effec75a1c78cc849fd37"
  dependencies:
    debug "^2.2.0"

map-obj@^2.0.0:
  version "2.0.0"
  resolved "https://registry.yarnpkg.com/map-obj/-/map-obj-2.0.0.tgz#a65cd29087a92598b8791257a523e021222ac1f9"

ms@2.0.0:
  version "2.0.0"
  resolved "https://registry.yarnpkg.com/ms/-/ms-2.0.0.tgz#5608aeadfc00be6c2901df5f9861788de0d597c8"

quick-lru@^1.0.0:
  version "1.1.0"
  resolved "https://registry.yarnpkg.com/quick-lru/-/quick-lru-1.1.0.tgz#4360b17c61136ad38078397ff11416e186dcfbb8"

word-wrap@^1.1.0:
  version "1.2.3"
  resolved "https://registry.yarnpkg.com/word-wrap/-/word-wrap-1.2.3.tgz#610636f6b1f703891bd34771ccb17fb93b47079c"
