# THIS IS AN AUTOGENERATED FILE. DO NOT EDIT THIS FILE DIRECTLY.
# yarn lockfile v1


axios@^0.15.3:
  version "0.15.3"
  resolved "https://registry.yarnpkg.com/axios/-/axios-0.15.3.tgz#2c9d638b2e191a08ea1d6cc988eadd6ba5bdc053"
  dependencies:
    follow-redirects "1.0.0"

camelcase-keys@^4.0.0:
  version "4.0.0"
  resolved "https://registry.yarnpkg.com/camelcase-keys/-/camelcase-keys-4.0.0.tgz#4f8bbe2762bde2489c1561366d216931ac4a491b"
  dependencies:
    camelcase "^3.0.0"
    map-obj "^2.0.0"

camelcase@^3.0.0:
  version "3.0.0"
  resolved "https://registry.yarnpkg.com/camelcase/-/camelcase-3.0.0.tgz#32fc4b9fcdaf845fcdf7e73bb97cac2261f0ab0a"

debug@^2.2.0:
  version "2.4.5"
  resolved "https://registry.yarnpkg.com/debug/-/debug-2.4.5.tgz#34c7b12a1ca96674428f41fe92c49b4ce7cd0607"
  dependencies:
    ms "0.7.2"

follow-redirects@1.0.0:
  version "1.0.0"
  resolved "https://registry.yarnpkg.com/follow-redirects/-/follow-redirects-1.0.0.tgz#8e34298cbd2e176f254effec75a1c78cc849fd37"
  dependencies:
    debug "^2.2.0"

map-obj@^2.0.0:
  version "2.0.0"
  resolved "https://registry.yarnpkg.com/map-obj/-/map-obj-2.0.0.tgz#a65cd29087a92598b8791257a523e021222ac1f9"

ms@0.7.2:
  version "0.7.2"
  resolved "https://registry.yarnpkg.com/ms/-/ms-0.7.2.tgz#ae25cf2512b3885a1d95d7f037868d8431124765"

word-wrap@^1.1.0:
  version "1.1.0"
  resolved "https://registry.yarnpkg.com/word-wrap/-/word-wrap-1.1.0.tgz#356153d61d10610d600785c5d701288e0ae764a6"
